{
  "version": "4",
  "remote": {
    "https://deno.land/std@0.157.0/fmt/colors.ts": "ff7dc9c9f33a72bd48bc24b21bbc1b4545d8494a431f17894dbc5fe92a938fc4",
    "https://deno.land/std@0.157.0/testing/_diff.ts": "a23e7fc2b4d8daa3e158fa06856bedf5334ce2a2831e8bf9e509717f455adb2c",
    "https://deno.land/std@0.157.0/testing/_format.ts": "cd11136e1797791045e639e9f0f4640d5b4166148796cad37e6ef75f7d7f3832",
    "https://deno.land/std@0.157.0/testing/_test_suite.ts": "2d07073d5460a4e3ec50c55ae822cd9bd136926d7363091379947fef9c73c3e4",
    "https://deno.land/std@0.157.0/testing/asserts.ts": "8696c488bc98d8d175e74dc652a0ffbc7fca93858da01edc57ed33c1148345da",
    "https://deno.land/std@0.157.0/testing/bdd.ts": "35060cefd9cc21b414f4d89453b3551a3d52ec50aeff25db432503c5485b2f72"
  },
  "workspace": {
    "packageJson": {
      "dependencies": [
        "npm:@antv/g2@^5.2.0",
        "npm:@antv/g@6",
        "npm:@antv/util@^3.3.0",
        "npm:@codemirror/lang-javascript@^6.2.0",
        "npm:@codemirror/lang-python@^6.1.0",
        "npm:@codemirror/state@^6.4.0",
        "npm:@codemirror/theme-one-dark@^6.1.2",
        "npm:@codemirror/view@^6.34.0",
        "npm:@mdx-js/react@^3.1.0",
        "npm:@mdx-js/rollup@^3.1.0",
        "npm:@tailwindcss/postcss@^4.1.11",
        "npm:@tailwindcss/vite@^4.1.11",
        "npm:@testing-library/jest-dom@^6.4.0",
        "npm:@testing-library/react@16",
        "npm:@types/d3@^7.4.0",
        "npm:@types/fs-extra@^11.0.4",
        "npm:@types/node@22",
        "npm:@types/react-dom@19",
        "npm:@types/react@19",
        "npm:@typescript-eslint/eslint-plugin@8",
        "npm:@typescript-eslint/parser@8",
        "npm:@vitejs/plugin-react@^4.7.0",
        "npm:autoprefixer@^10.4.20",
        "npm:clsx@^2.1.0",
        "npm:d3@^7.9.0",
        "npm:eslint@^9.9.0",
        "npm:framer-motion@11",
        "npm:gh-pages@^6.1.0",
        "npm:globby@^14.1.0",
        "npm:gray-matter@^4.0.3",
        "npm:highlight.js@^11.11.1",
        "npm:katex@~0.16.9",
        "npm:postcss@^8.4.47",
        "npm:prettier-plugin-tailwindcss@0.6",
        "npm:prettier@^3.3.0",
        "npm:react-dom@19",
        "npm:react-router-dom@7",
        "npm:react@19",
        "npm:rehype-highlight@^7.0.2",
        "npm:rehype-katex@7",
        "npm:remark-frontmatter@5",
        "npm:remark-gfm@4",
        "npm:remark-math@6",
        "npm:remark-mdx-frontmatter@^5.2.0",
        "npm:rollup-plugin-visualizer@^5.12.0",
        "npm:tailwindcss@^4.1.11",
        "npm:terser@^5.31.0",
        "npm:typescript@^5.5.0",
        "npm:vite@7",
        "npm:vitest@3",
        "npm:zustand@^4.5.0"
      ]
    }
  }
}
